
Microsoft Visual Studio Solution File, Format Version 12.00
# Visual Studio Version 17
VisualStudioVersion = 17.4.33205.214
MinimumVisualStudioVersion = 10.0.40219.1
Project("{FAE04EC0-301F-11D3-BF4B-00C04F79EFBC}") = "O_O", "O_O\O_O.csproj", "{FDAFF4B3-A05B-4D0C-BCD8-C706206540EB}"
EndProject
Global
	GlobalSection(SolutionConfigurationPlatforms) = preSolution
		Debug|Any CPU = Debug|Any CPU
		Release|Any CPU = Release|Any CPU
	EndGlobalSection
	GlobalSection(ProjectConfigurationPlatforms) = postSolution
		{FDAFF4B3-A05B-4D0C-BCD8-C706206540EB}.Debug|Any CPU.ActiveCfg = Debug|Any CPU
		{FDAFF4B3-A05B-4D0C-BCD8-C706206540EB}.Debug|Any CPU.Build.0 = Debug|Any CPU
		{FDAFF4B3-A05B-4D0C-BCD8-C706206540EB}.Release|Any CPU.ActiveCfg = Release|Any CPU
		{FDAFF4B3-A05B-4D0C-BCD8-C706206540EB}.Release|Any CPU.Build.0 = Release|Any CPU
	EndGlobalSection
	GlobalSection(SolutionProperties) = preSolution
		HideSolutionNode = FALSE
	EndGlobalSection
	GlobalSection(ExtensibilityGlobals) = postSolution
		SolutionGuid = {29ADA8C6-243F-465E-B334-C4222E77F6BD}
	EndGlobalSection
EndGlobal
